
Microsoft Visual Studio Solution File, Format Version 12.00
# Visual Studio 2012
Project("{2150E333-8FDC-42A3-9474-1A3956D46DE8}") = "1. Presentation Layer", "1. Presentation Layer", "{D25F7393-C911-4379-AE57-8D55166775DE}"
EndProject
Project("{2150E333-8FDC-42A3-9474-1A3956D46DE8}") = "2. Business Logic Layer", "2. Business Logic Layer", "{8066A814-FBA8-4A25-BEF3-303354E36179}"
EndProject
Project("{2150E333-8FDC-42A3-9474-1A3956D46DE8}") = "3. Data Access Layer", "3. Data Access Layer", "{0EF29B5C-F338-44AC-A3C3-202DF550083C}"
EndProject
Project("{2150E333-8FDC-42A3-9474-1A3956D46DE8}") = "4. Model Layer", "4. Model Layer", "{ACEAB0E6-C6B1-4DD1-ACE6-BCAA500D2E86}"
EndProject
Project("{2150E333-8FDC-42A3-9474-1A3956D46DE8}") = "5. Cross Cutting Layer", "5. Cross Cutting Layer", "{4DDE1675-A5C2-4D75-9715-1DD88D86750C}"
EndProject
Project("{FAE04EC0-301F-11D3-BF4B-00C04F79EFBC}") = "ApiSample.UI.WebSite", "UI\WebSite\ApiSample.UI.WebSite.csproj", "{9971ED50-9209-43B9-B01C-481CB92A09D9}"
EndProject
Project("{FAE04EC0-301F-11D3-BF4B-00C04F79EFBC}") = "ApiSample.DA.Repositories", "DA\Repositories\ApiSample.DA.Repositories.csproj", "{C471E2DB-A4EC-48DD-8F8E-5CADBE8B573D}"
EndProject
Project("{FAE04EC0-301F-11D3-BF4B-00C04F79EFBC}") = "ApiSample.BL.Services", "BL\Services\ApiSample.BL.Services.csproj", "{88AC2472-843C-47B6-940A-B8BB2CD0923F}"
EndProject
Project("{FAE04EC0-301F-11D3-BF4B-00C04F79EFBC}") = "ApiSample.Models", "Model\Models\ApiSample.Models.csproj", "{E004C6A4-BB22-4FEB-A5AA-D246B870EC6C}"
EndProject
Project("{FAE04EC0-301F-11D3-BF4B-00C04F79EFBC}") = "ApiSample.DA.Interfaces", "DA\Interfaces\ApiSample.DA.Interfaces.csproj", "{62765FCF-1B3D-49DA-8452-2586BAA170BC}"
EndProject
Project("{FAE04EC0-301F-11D3-BF4B-00C04F79EFBC}") = "ApiSample.BL.Interfaces", "BL\Intefaces\ApiSample.BL.Interfaces.csproj", "{A1D949FA-E621-486D-BFB5-ADC91426B2F2}"
EndProject
Project("{FAE04EC0-301F-11D3-BF4B-00C04F79EFBC}") = "ApiSample.BL.Modules", "BL\Modules\ApiSample.BL.Modules.csproj", "{C14278C6-0830-4F56-BC7E-4B483DAF8024}"
EndProject
Project("{FAE04EC0-301F-11D3-BF4B-00C04F79EFBC}") = "ApiSample.DA.Modules", "DA\Modules\ApiSample.DA.Modules.csproj", "{0278372B-9E81-47A4-B1D8-A58797FB32A0}"
EndProject
Project("{FAE04EC0-301F-11D3-BF4B-00C04F79EFBC}") = "ApiSample.DA.Tables", "DA\Tables\ApiSample.DA.Tables.csproj", "{1FA1D04C-E072-40AA-8854-3E437F88FDBF}"
EndProject
Project("{F088123C-0E9E-452A-89E6-6BA2F21D5CAC}") = "TableSchemas", "DA\TableSchemas\TableSchemas.modelproj", "{EA6C485D-7371-42C6-B33F-D2A97F188D29}"
EndProject
Project("{FAE04EC0-301F-11D3-BF4B-00C04F79EFBC}") = "ApiSample.DA.Repositories.Test", "DA\Repositories.Test\ApiSample.DA.Repositories.Test.csproj", "{A331A150-069C-42AA-AD4D-CEAEF2F5200A}"
EndProject
Project("{2150E333-8FDC-42A3-9474-1A3956D46DE8}") = ".nuget", ".nuget", "{6476DEAD-9AB9-4CF4-B0CE-8F28857BD4B5}"
	ProjectSection(SolutionItems) = preProject
		.nuget\packages.config = .nuget\packages.config
	EndProjectSection
EndProject
Project("{FAE04EC0-301F-11D3-BF4B-00C04F79EFBC}") = "ApiSample.Utility.Hooks", "Utility\Hooks\ApiSample.Utility.Hooks.csproj", "{ED516D43-C767-4E36-AA1F-AD0FA9A05350}"
EndProject
Project("{FAE04EC0-301F-11D3-BF4B-00C04F79EFBC}") = "ApiSample.Utility.Hooks.Test", "Utility\Hooks.Test\ApiSample.Utility.Hooks.Test.csproj", "{EF66656B-22CE-47F6-B75B-F5B94FFA37F9}"
EndProject
Project("{FAE04EC0-301F-11D3-BF4B-00C04F79EFBC}") = "ApiSample.BL.Mappings", "BL\Mappings\ApiSample.BL.Mappings.csproj", "{610839F5-4DB4-4A18-9D6C-855E1A1AB1C9}"
EndProject
Project("{FAE04EC0-301F-11D3-BF4B-00C04F79EFBC}") = "ApiSample.ViewModels", "Model\ViewModels\ApiSample.ViewModels.csproj", "{10B4F916-DEB7-4551-A83C-D1AD245E8B90}"
EndProject
Project("{FAE04EC0-301F-11D3-BF4B-00C04F79EFBC}") = "ApiSample.DA.Mappings", "DA\Mappings\ApiSample.DA.Mappings.csproj", "{FAF5DE27-FEC5-4504-AE67-6C973BAE2C12}"
EndProject
Project("{FAE04EC0-301F-11D3-BF4B-00C04F79EFBC}") = "ApiSample.BL.Mappings.Test", "BL\Mappings.Test\ApiSample.BL.Mappings.Test.csproj", "{47508AE4-6003-4DC8-B7F7-198A662D1101}"
EndProject
Project("{FAE04EC0-301F-11D3-BF4B-00C04F79EFBC}") = "ApiSample.Utility.Extensions", "Utility\Extensions\ApiSample.Utility.Extensions.csproj", "{037B0FCC-D850-4C34-A0D9-C57749EBB2D0}"
EndProject
Project("{FAE04EC0-301F-11D3-BF4B-00C04F79EFBC}") = "ApiSample.BL.Validators", "BL\Validators\ApiSample.BL.Validators.csproj", "{48925022-30D2-429C-83B8-CD7C7FE73DB2}"
EndProject
Project("{FAE04EC0-301F-11D3-BF4B-00C04F79EFBC}") = "ApiSample.BL.Validators.Test", "BL\Validators.Test\ApiSample.BL.Validators.Test.csproj", "{B84391AA-714D-4F56-9D93-D9AC21EAA235}"
EndProject
Project("{FAE04EC0-301F-11D3-BF4B-00C04F79EFBC}") = "ApiSample.Utility.Extensions.Test", "Utility\Extensions.Test\ApiSample.Utility.Extensions.Test.csproj", "{E1A269B9-2E07-4630-BFB8-98B32B8D1B6D}"
EndProject
Global
	GlobalSection(SolutionConfigurationPlatforms) = preSolution
		Debug|Any CPU = Debug|Any CPU
		Release|Any CPU = Release|Any CPU
	EndGlobalSection
	GlobalSection(ProjectConfigurationPlatforms) = postSolution
		{9971ED50-9209-43B9-B01C-481CB92A09D9}.Debug|Any CPU.ActiveCfg = Debug|Any CPU
		{9971ED50-9209-43B9-B01C-481CB92A09D9}.Debug|Any CPU.Build.0 = Debug|Any CPU
		{9971ED50-9209-43B9-B01C-481CB92A09D9}.Release|Any CPU.ActiveCfg = Release|Any CPU
		{9971ED50-9209-43B9-B01C-481CB92A09D9}.Release|Any CPU.Build.0 = Release|Any CPU
		{C471E2DB-A4EC-48DD-8F8E-5CADBE8B573D}.Debug|Any CPU.ActiveCfg = Debug|Any CPU
		{C471E2DB-A4EC-48DD-8F8E-5CADBE8B573D}.Debug|Any CPU.Build.0 = Debug|Any CPU
		{C471E2DB-A4EC-48DD-8F8E-5CADBE8B573D}.Release|Any CPU.ActiveCfg = Release|Any CPU
		{C471E2DB-A4EC-48DD-8F8E-5CADBE8B573D}.Release|Any CPU.Build.0 = Release|Any CPU
		{88AC2472-843C-47B6-940A-B8BB2CD0923F}.Debug|Any CPU.ActiveCfg = Debug|Any CPU
		{88AC2472-843C-47B6-940A-B8BB2CD0923F}.Debug|Any CPU.Build.0 = Debug|Any CPU
		{88AC2472-843C-47B6-940A-B8BB2CD0923F}.Release|Any CPU.ActiveCfg = Release|Any CPU
		{88AC2472-843C-47B6-940A-B8BB2CD0923F}.Release|Any CPU.Build.0 = Release|Any CPU
		{E004C6A4-BB22-4FEB-A5AA-D246B870EC6C}.Debug|Any CPU.ActiveCfg = Debug|Any CPU
		{E004C6A4-BB22-4FEB-A5AA-D246B870EC6C}.Debug|Any CPU.Build.0 = Debug|Any CPU
		{E004C6A4-BB22-4FEB-A5AA-D246B870EC6C}.Release|Any CPU.ActiveCfg = Release|Any CPU
		{E004C6A4-BB22-4FEB-A5AA-D246B870EC6C}.Release|Any CPU.Build.0 = Release|Any CPU
		{62765FCF-1B3D-49DA-8452-2586BAA170BC}.Debug|Any CPU.ActiveCfg = Debug|Any CPU
		{62765FCF-1B3D-49DA-8452-2586BAA170BC}.Debug|Any CPU.Build.0 = Debug|Any CPU
		{62765FCF-1B3D-49DA-8452-2586BAA170BC}.Release|Any CPU.ActiveCfg = Release|Any CPU
		{62765FCF-1B3D-49DA-8452-2586BAA170BC}.Release|Any CPU.Build.0 = Release|Any CPU
		{A1D949FA-E621-486D-BFB5-ADC91426B2F2}.Debug|Any CPU.ActiveCfg = Debug|Any CPU
		{A1D949FA-E621-486D-BFB5-ADC91426B2F2}.Debug|Any CPU.Build.0 = Debug|Any CPU
		{A1D949FA-E621-486D-BFB5-ADC91426B2F2}.Release|Any CPU.ActiveCfg = Release|Any CPU
		{A1D949FA-E621-486D-BFB5-ADC91426B2F2}.Release|Any CPU.Build.0 = Release|Any CPU
		{C14278C6-0830-4F56-BC7E-4B483DAF8024}.Debug|Any CPU.ActiveCfg = Debug|Any CPU
		{C14278C6-0830-4F56-BC7E-4B483DAF8024}.Debug|Any CPU.Build.0 = Debug|Any CPU
		{C14278C6-0830-4F56-BC7E-4B483DAF8024}.Release|Any CPU.ActiveCfg = Release|Any CPU
		{C14278C6-0830-4F56-BC7E-4B483DAF8024}.Release|Any CPU.Build.0 = Release|Any CPU
		{0278372B-9E81-47A4-B1D8-A58797FB32A0}.Debug|Any CPU.ActiveCfg = Debug|Any CPU
		{0278372B-9E81-47A4-B1D8-A58797FB32A0}.Debug|Any CPU.Build.0 = Debug|Any CPU
		{0278372B-9E81-47A4-B1D8-A58797FB32A0}.Release|Any CPU.ActiveCfg = Release|Any CPU
		{0278372B-9E81-47A4-B1D8-A58797FB32A0}.Release|Any CPU.Build.0 = Release|Any CPU
		{1FA1D04C-E072-40AA-8854-3E437F88FDBF}.Debug|Any CPU.ActiveCfg = Debug|Any CPU
		{1FA1D04C-E072-40AA-8854-3E437F88FDBF}.Debug|Any CPU.Build.0 = Debug|Any CPU
		{1FA1D04C-E072-40AA-8854-3E437F88FDBF}.Release|Any CPU.ActiveCfg = Release|Any CPU
		{1FA1D04C-E072-40AA-8854-3E437F88FDBF}.Release|Any CPU.Build.0 = Release|Any CPU
		{EA6C485D-7371-42C6-B33F-D2A97F188D29}.Debug|Any CPU.ActiveCfg = Debug|Any CPU
		{EA6C485D-7371-42C6-B33F-D2A97F188D29}.Debug|Any CPU.Build.0 = Debug|Any CPU
		{EA6C485D-7371-42C6-B33F-D2A97F188D29}.Release|Any CPU.ActiveCfg = Release|Any CPU
		{EA6C485D-7371-42C6-B33F-D2A97F188D29}.Release|Any CPU.Build.0 = Release|Any CPU
		{A331A150-069C-42AA-AD4D-CEAEF2F5200A}.Debug|Any CPU.ActiveCfg = Debug|Any CPU
		{A331A150-069C-42AA-AD4D-CEAEF2F5200A}.Debug|Any CPU.Build.0 = Debug|Any CPU
		{A331A150-069C-42AA-AD4D-CEAEF2F5200A}.Release|Any CPU.ActiveCfg = Release|Any CPU
		{A331A150-069C-42AA-AD4D-CEAEF2F5200A}.Release|Any CPU.Build.0 = Release|Any CPU
		{ED516D43-C767-4E36-AA1F-AD0FA9A05350}.Debug|Any CPU.ActiveCfg = Debug|Any CPU
		{ED516D43-C767-4E36-AA1F-AD0FA9A05350}.Debug|Any CPU.Build.0 = Debug|Any CPU
		{ED516D43-C767-4E36-AA1F-AD0FA9A05350}.Release|Any CPU.ActiveCfg = Release|Any CPU
		{ED516D43-C767-4E36-AA1F-AD0FA9A05350}.Release|Any CPU.Build.0 = Release|Any CPU
		{EF66656B-22CE-47F6-B75B-F5B94FFA37F9}.Debug|Any CPU.ActiveCfg = Debug|Any CPU
		{EF66656B-22CE-47F6-B75B-F5B94FFA37F9}.Debug|Any CPU.Build.0 = Debug|Any CPU
		{EF66656B-22CE-47F6-B75B-F5B94FFA37F9}.Release|Any CPU.ActiveCfg = Release|Any CPU
		{EF66656B-22CE-47F6-B75B-F5B94FFA37F9}.Release|Any CPU.Build.0 = Release|Any CPU
		{610839F5-4DB4-4A18-9D6C-855E1A1AB1C9}.Debug|Any CPU.ActiveCfg = Debug|Any CPU
		{610839F5-4DB4-4A18-9D6C-855E1A1AB1C9}.Debug|Any CPU.Build.0 = Debug|Any CPU
		{610839F5-4DB4-4A18-9D6C-855E1A1AB1C9}.Release|Any CPU.ActiveCfg = Release|Any CPU
		{610839F5-4DB4-4A18-9D6C-855E1A1AB1C9}.Release|Any CPU.Build.0 = Release|Any CPU
		{10B4F916-DEB7-4551-A83C-D1AD245E8B90}.Debug|Any CPU.ActiveCfg = Debug|Any CPU
		{10B4F916-DEB7-4551-A83C-D1AD245E8B90}.Debug|Any CPU.Build.0 = Debug|Any CPU
		{10B4F916-DEB7-4551-A83C-D1AD245E8B90}.Release|Any CPU.ActiveCfg = Release|Any CPU
		{10B4F916-DEB7-4551-A83C-D1AD245E8B90}.Release|Any CPU.Build.0 = Release|Any CPU
		{FAF5DE27-FEC5-4504-AE67-6C973BAE2C12}.Debug|Any CPU.ActiveCfg = Debug|Any CPU
		{FAF5DE27-FEC5-4504-AE67-6C973BAE2C12}.Debug|Any CPU.Build.0 = Debug|Any CPU
		{FAF5DE27-FEC5-4504-AE67-6C973BAE2C12}.Release|Any CPU.ActiveCfg = Release|Any CPU
		{FAF5DE27-FEC5-4504-AE67-6C973BAE2C12}.Release|Any CPU.Build.0 = Release|Any CPU
		{47508AE4-6003-4DC8-B7F7-198A662D1101}.Debug|Any CPU.ActiveCfg = Debug|Any CPU
		{47508AE4-6003-4DC8-B7F7-198A662D1101}.Debug|Any CPU.Build.0 = Debug|Any CPU
		{47508AE4-6003-4DC8-B7F7-198A662D1101}.Release|Any CPU.ActiveCfg = Release|Any CPU
		{47508AE4-6003-4DC8-B7F7-198A662D1101}.Release|Any CPU.Build.0 = Release|Any CPU
		{037B0FCC-D850-4C34-A0D9-C57749EBB2D0}.Debug|Any CPU.ActiveCfg = Debug|Any CPU
		{037B0FCC-D850-4C34-A0D9-C57749EBB2D0}.Debug|Any CPU.Build.0 = Debug|Any CPU
		{037B0FCC-D850-4C34-A0D9-C57749EBB2D0}.Release|Any CPU.ActiveCfg = Release|Any CPU
		{037B0FCC-D850-4C34-A0D9-C57749EBB2D0}.Release|Any CPU.Build.0 = Release|Any CPU
		{48925022-30D2-429C-83B8-CD7C7FE73DB2}.Debug|Any CPU.ActiveCfg = Debug|Any CPU
		{48925022-30D2-429C-83B8-CD7C7FE73DB2}.Debug|Any CPU.Build.0 = Debug|Any CPU
		{48925022-30D2-429C-83B8-CD7C7FE73DB2}.Release|Any CPU.ActiveCfg = Release|Any CPU
		{48925022-30D2-429C-83B8-CD7C7FE73DB2}.Release|Any CPU.Build.0 = Release|Any CPU
		{B84391AA-714D-4F56-9D93-D9AC21EAA235}.Debug|Any CPU.ActiveCfg = Debug|Any CPU
		{B84391AA-714D-4F56-9D93-D9AC21EAA235}.Debug|Any CPU.Build.0 = Debug|Any CPU
		{B84391AA-714D-4F56-9D93-D9AC21EAA235}.Release|Any CPU.ActiveCfg = Release|Any CPU
		{B84391AA-714D-4F56-9D93-D9AC21EAA235}.Release|Any CPU.Build.0 = Release|Any CPU
		{E1A269B9-2E07-4630-BFB8-98B32B8D1B6D}.Debug|Any CPU.ActiveCfg = Debug|Any CPU
		{E1A269B9-2E07-4630-BFB8-98B32B8D1B6D}.Debug|Any CPU.Build.0 = Debug|Any CPU
		{E1A269B9-2E07-4630-BFB8-98B32B8D1B6D}.Release|Any CPU.ActiveCfg = Release|Any CPU
		{E1A269B9-2E07-4630-BFB8-98B32B8D1B6D}.Release|Any CPU.Build.0 = Release|Any CPU
	EndGlobalSection
	GlobalSection(SolutionProperties) = preSolution
		HideSolutionNode = FALSE
	EndGlobalSection
	GlobalSection(NestedProjects) = preSolution
		{9971ED50-9209-43B9-B01C-481CB92A09D9} = {D25F7393-C911-4379-AE57-8D55166775DE}
		{88AC2472-843C-47B6-940A-B8BB2CD0923F} = {8066A814-FBA8-4A25-BEF3-303354E36179}
		{A1D949FA-E621-486D-BFB5-ADC91426B2F2} = {8066A814-FBA8-4A25-BEF3-303354E36179}
		{C14278C6-0830-4F56-BC7E-4B483DAF8024} = {8066A814-FBA8-4A25-BEF3-303354E36179}
		{610839F5-4DB4-4A18-9D6C-855E1A1AB1C9} = {8066A814-FBA8-4A25-BEF3-303354E36179}
		{47508AE4-6003-4DC8-B7F7-198A662D1101} = {8066A814-FBA8-4A25-BEF3-303354E36179}
		{48925022-30D2-429C-83B8-CD7C7FE73DB2} = {8066A814-FBA8-4A25-BEF3-303354E36179}
		{B84391AA-714D-4F56-9D93-D9AC21EAA235} = {8066A814-FBA8-4A25-BEF3-303354E36179}
		{C471E2DB-A4EC-48DD-8F8E-5CADBE8B573D} = {0EF29B5C-F338-44AC-A3C3-202DF550083C}
		{62765FCF-1B3D-49DA-8452-2586BAA170BC} = {0EF29B5C-F338-44AC-A3C3-202DF550083C}
		{0278372B-9E81-47A4-B1D8-A58797FB32A0} = {0EF29B5C-F338-44AC-A3C3-202DF550083C}
		{1FA1D04C-E072-40AA-8854-3E437F88FDBF} = {0EF29B5C-F338-44AC-A3C3-202DF550083C}
		{A331A150-069C-42AA-AD4D-CEAEF2F5200A} = {0EF29B5C-F338-44AC-A3C3-202DF550083C}
		{FAF5DE27-FEC5-4504-AE67-6C973BAE2C12} = {0EF29B5C-F338-44AC-A3C3-202DF550083C}
		{E004C6A4-BB22-4FEB-A5AA-D246B870EC6C} = {ACEAB0E6-C6B1-4DD1-ACE6-BCAA500D2E86}
		{10B4F916-DEB7-4551-A83C-D1AD245E8B90} = {ACEAB0E6-C6B1-4DD1-ACE6-BCAA500D2E86}
		{ED516D43-C767-4E36-AA1F-AD0FA9A05350} = {4DDE1675-A5C2-4D75-9715-1DD88D86750C}
		{EF66656B-22CE-47F6-B75B-F5B94FFA37F9} = {4DDE1675-A5C2-4D75-9715-1DD88D86750C}
		{037B0FCC-D850-4C34-A0D9-C57749EBB2D0} = {4DDE1675-A5C2-4D75-9715-1DD88D86750C}
		{E1A269B9-2E07-4630-BFB8-98B32B8D1B6D} = {4DDE1675-A5C2-4D75-9715-1DD88D86750C}
	EndGlobalSection
EndGlobal
